{
    "_readme": [
        "This file locks the dependencies of your project to a known state",
        "Read more about it at https://getcomposer.org/doc/01-basic-usage.md#installing-dependencies",
        "This file is @generated automatically"
    ],
    "content-hash": "cb8731a8ac7fd51fb155135eda7fd29c",
    "packages": [
        {
            "name": "biera/array-accessor",
            "version": "v1.0.1",
            "source": {
                "type": "git",
                "url": "https://github.com/biera/php-array-accessor.git",
                "reference": "1d50efefb11489340935af9da56c3debad19c55c"
            },
            "dist": {
                "type": "zip",
                "url": "https://api.github.com/repos/biera/php-array-accessor/zipball/1d50efefb11489340935af9da56c3debad19c55c",
                "reference": "1d50efefb11489340935af9da56c3debad19c55c",
                "shasum": ""
            },
            "require": {
                "php": ">=7.4"
            },
            "require-dev": {
                "phpunit/phpunit": "^9.5"
            },
            "type": "library",
            "autoload": {
                "psr-4": {
                    "Biera\\": "src"
                },
                "files": [
                    "src/functions.php"
                ]
            },
            "notification-url": "https://packagist.org/downloads/",
            "license": [
                "MIT"
            ],
            "authors": [
                {
                    "name": "Kuba Biernacki",
                    "email": "kubiernacki@gmail.com"
                }
            ],
            "description": "utils for accessing object's graph with ease",
            "support": {
                "issues": "https://github.com/biera/php-array-accessor/issues",
                "source": "https://github.com/biera/php-array-accessor/tree/v1.0.1"
            },
            "time": "2021-11-11T18:29:33+00:00"
        },
        {
            "name": "laminas/laminas-code",
            "version": "4.4.3",
            "source": {
                "type": "git",
                "url": "https://github.com/laminas/laminas-code.git",
                "reference": "bb324850d09dd437b6acb142c13e64fdc725b0e1"
            },
            "dist": {
                "type": "zip",
                "url": "https://api.github.com/repos/laminas/laminas-code/zipball/bb324850d09dd437b6acb142c13e64fdc725b0e1",
                "reference": "bb324850d09dd437b6acb142c13e64fdc725b0e1",
                "shasum": ""
            },
            "require": {
                "php": "^7.4 || ~8.0.0"
            },
            "conflict": {
                "phpspec/prophecy": "<1.9.0"
            },
            "require-dev": {
                "doctrine/annotations": "^1.10.4",
                "ext-phar": "*",
                "laminas/laminas-coding-standard": "^2.1.4",
                "laminas/laminas-stdlib": "^3.3.0",
                "phpunit/phpunit": "^9.4.2",
                "psalm/plugin-phpunit": "^0.14.0",
                "vimeo/psalm": "^4.3.1"
            },
            "suggest": {
                "doctrine/annotations": "Doctrine\\Common\\Annotations >=1.0 for annotation features",
                "laminas/laminas-stdlib": "Laminas\\Stdlib component",
                "laminas/laminas-zendframework-bridge": "A bridge with Zend Framework"
            },
            "type": "library",
            "autoload": {
                "psr-4": {
                    "Laminas\\Code\\": "src/"
                }
            },
            "notification-url": "https://packagist.org/downloads/",
            "license": [
                "BSD-3-Clause"
            ],
            "description": "Extensions to the PHP Reflection API, static code scanning, and code generation",
            "homepage": "https://laminas.dev",
            "keywords": [
                "code",
                "laminas",
                "laminasframework"
            ],
            "support": {
                "chat": "https://laminas.dev/chat",
                "docs": "https://docs.laminas.dev/laminas-code/",
                "forum": "https://discourse.laminas.dev",
                "issues": "https://github.com/laminas/laminas-code/issues",
                "rss": "https://github.com/laminas/laminas-code/releases.atom",
                "source": "https://github.com/laminas/laminas-code"
            },
            "funding": [
                {
                    "url": "https://funding.communitybridge.org/projects/laminas-project",
                    "type": "community_bridge"
                }
            ],
            "time": "2021-09-21T13:40:23+00:00"
        },
        {
            "name": "nikic/iter",
            "version": "v2.2.0",
            "source": {
                "type": "git",
                "url": "https://github.com/nikic/iter.git",
                "reference": "d1323929952ddcb0b06439991f93bde3816a39e9"
            },
            "dist": {
                "type": "zip",
                "url": "https://api.github.com/repos/nikic/iter/zipball/d1323929952ddcb0b06439991f93bde3816a39e9",
                "reference": "d1323929952ddcb0b06439991f93bde3816a39e9",
                "shasum": ""
            },
            "require": {
                "php": ">=7.1"
            },
            "require-dev": {
                "phpunit/phpunit": "^7.0 || ^8.0 || ^9.0"
            },
            "type": "library",
            "autoload": {
                "files": [
                    "src/iter.func.php",
                    "src/iter.php",
                    "src/iter.rewindable.php"
                ]
            },
            "notification-url": "https://packagist.org/downloads/",
            "license": [
                "BSD-3-Clause"
            ],
            "authors": [
                {
                    "name": "Nikita Popov",
                    "email": "nikic@php.net"
                }
            ],
            "description": "Iteration primitives using generators",
            "keywords": [
                "functional",
                "generator",
                "iterator"
            ],
            "support": {
                "issues": "https://github.com/nikic/iter/issues",
                "source": "https://github.com/nikic/iter/tree/v2.2.0"
            },
            "time": "2021-08-02T15:04:32+00:00"
        },
        {
            "name": "nikic/php-parser",
            "version": "v4.13.1",
            "source": {
                "type": "git",
                "url": "https://github.com/nikic/PHP-Parser.git",
                "reference": "63a79e8daa781cac14e5195e63ed8ae231dd10fd"
            },
            "dist": {
                "type": "zip",
                "url": "https://api.github.com/repos/nikic/PHP-Parser/zipball/63a79e8daa781cac14e5195e63ed8ae231dd10fd",
                "reference": "63a79e8daa781cac14e5195e63ed8ae231dd10fd",
                "shasum": ""
            },
            "require": {
                "ext-tokenizer": "*",
                "php": ">=7.0"
            },
            "require-dev": {
                "ircmaxell/php-yacc": "^0.0.7",
                "phpunit/phpunit": "^6.5 || ^7.0 || ^8.0 || ^9.0"
            },
            "bin": [
                "bin/php-parse"
            ],
            "type": "library",
            "extra": {
                "branch-alias": {
                    "dev-master": "4.9-dev"
                }
            },
            "autoload": {
                "psr-4": {
                    "PhpParser\\": "lib/PhpParser"
                }
            },
            "notification-url": "https://packagist.org/downloads/",
            "license": [
                "BSD-3-Clause"
            ],
            "authors": [
                {
                    "name": "Nikita Popov"
                }
            ],
            "description": "A PHP parser written in PHP",
            "keywords": [
                "parser",
                "php"
            ],
            "support": {
                "issues": "https://github.com/nikic/PHP-Parser/issues",
                "source": "https://github.com/nikic/PHP-Parser/tree/v4.13.1"
            },
            "time": "2021-11-03T20:52:16+00:00"
        },
        {
            "name": "psr/event-dispatcher",
            "version": "1.0.0",
            "source": {
                "type": "git",
                "url": "https://github.com/php-fig/event-dispatcher.git",
                "reference": "dbefd12671e8a14ec7f180cab83036ed26714bb0"
            },
            "dist": {
                "type": "zip",
                "url": "https://api.github.com/repos/php-fig/event-dispatcher/zipball/dbefd12671e8a14ec7f180cab83036ed26714bb0",
                "reference": "dbefd12671e8a14ec7f180cab83036ed26714bb0",
                "shasum": ""
            },
            "require": {
                "php": ">=7.2.0"
            },
            "type": "library",
            "extra": {
                "branch-alias": {
                    "dev-master": "1.0.x-dev"
                }
            },
            "autoload": {
                "psr-4": {
                    "Psr\\EventDispatcher\\": "src/"
                }
            },
            "notification-url": "https://packagist.org/downloads/",
            "license": [
                "MIT"
            ],
            "authors": [
                {
                    "name": "PHP-FIG",
                    "homepage": "http://www.php-fig.org/"
                }
            ],
            "description": "Standard interfaces for event handling.",
            "keywords": [
                "events",
                "psr",
                "psr-14"
            ],
            "support": {
                "issues": "https://github.com/php-fig/event-dispatcher/issues",
                "source": "https://github.com/php-fig/event-dispatcher/tree/1.0.0"
            },
            "time": "2019-01-08T18:20:26+00:00"
        }
    ],
    "packages-dev": [],
    "aliases": [],
    "minimum-stability": "stable",
    "stability-flags": [],
    "prefer-stable": false,
    "prefer-lowest": false,
    "platform": [],
    "platform-dev": [],
    "plugin-api-version": "2.1.0"
}
